
Microsoft Visual Studio Solution File, Format Version 12.00
# Visual Studio Version 17
VisualStudioVersion = 17.5.002.0
MinimumVisualStudioVersion = 10.0.40219.1
Project("{9A19103F-16F7-4668-BE54-9A1E7A4F7556}") = "aot", "aot.csproj", "{ADA3FF15-B1BE-471C-9B0B-91331A2BC75B}"
EndProject
Global
	GlobalSection(SolutionConfigurationPlatforms) = preSolution
		Debug|Any CPU = Debug|Any CPU
		Release|Any CPU = Release|Any CPU
	EndGlobalSection
	GlobalSection(ProjectConfigurationPlatforms) = postSolution
		{ADA3FF15-B1BE-471C-9B0B-91331A2BC75B}.Debug|Any CPU.ActiveCfg = Debug|Any CPU
		{ADA3FF15-B1BE-471C-9B0B-91331A2BC75B}.Debug|Any CPU.Build.0 = Debug|Any CPU
		{ADA3FF15-B1BE-471C-9B0B-91331A2BC75B}.Release|Any CPU.ActiveCfg = Release|Any CPU
		{ADA3FF15-B1BE-471C-9B0B-91331A2BC75B}.Release|Any CPU.Build.0 = Release|Any CPU
	EndGlobalSection
	GlobalSection(SolutionProperties) = preSolution
		HideSolutionNode = FALSE
	EndGlobalSection
	GlobalSection(ExtensibilityGlobals) = postSolution
		SolutionGuid = {36035A3C-1A4E-415F-BF68-0B4E0CF39E86}
	EndGlobalSection
EndGlobal
