
Microsoft Visual Studio Solution File, Format Version 12.00
# Visual Studio Version 17
VisualStudioVersion = 17.0.31903.59
MinimumVisualStudioVersion = 10.0.40219.1
Project("{FAE04EC0-301F-11D3-BF4B-00C04F79EFBC}") = "polly-examples", "console\polly-examples.csproj", "{DC8939D5-9B7E-4367-94FF-F6864A23F070}"
EndProject
Project("{FAE04EC0-301F-11D3-BF4B-00C04F79EFBC}") = "tests", "tests\tests.csproj", "{6DD2FB29-10B8-4E63-BA2C-46EE5FF4B453}"
EndProject
Global
	GlobalSection(SolutionConfigurationPlatforms) = preSolution
		Debug|Any CPU = Debug|Any CPU
		Release|Any CPU = Release|Any CPU
	EndGlobalSection
	GlobalSection(SolutionProperties) = preSolution
		HideSolutionNode = FALSE
	EndGlobalSection
	GlobalSection(ProjectConfigurationPlatforms) = postSolution
		{DC8939D5-9B7E-4367-94FF-F6864A23F070}.Debug|Any CPU.ActiveCfg = Debug|Any CPU
		{DC8939D5-9B7E-4367-94FF-F6864A23F070}.Debug|Any CPU.Build.0 = Debug|Any CPU
		{DC8939D5-9B7E-4367-94FF-F6864A23F070}.Release|Any CPU.ActiveCfg = Release|Any CPU
		{DC8939D5-9B7E-4367-94FF-F6864A23F070}.Release|Any CPU.Build.0 = Release|Any CPU
		{6DD2FB29-10B8-4E63-BA2C-46EE5FF4B453}.Debug|Any CPU.ActiveCfg = Debug|Any CPU
		{6DD2FB29-10B8-4E63-BA2C-46EE5FF4B453}.Debug|Any CPU.Build.0 = Debug|Any CPU
		{6DD2FB29-10B8-4E63-BA2C-46EE5FF4B453}.Release|Any CPU.ActiveCfg = Release|Any CPU
		{6DD2FB29-10B8-4E63-BA2C-46EE5FF4B453}.Release|Any CPU.Build.0 = Release|Any CPU
	EndGlobalSection
EndGlobal
